
Microsoft Visual Studio Solution File, Format Version 12.00
# Visual Studio Version 17
VisualStudioVersion = 17.0.32014.148
MinimumVisualStudioVersion = 10.0.40219.1
Project("{FAE04EC0-301F-11D3-BF4B-00C04F79EFBC}") = "ConsoleApp1", "ConsoleApp1\ConsoleApp1.csproj", "{D0675F40-3DD3-45E4-A2FD-BB8F1446E447}"
EndProject
Global
	GlobalSection(SolutionConfigurationPlatforms) = preSolution
		Debug|Any CPU = Debug|Any CPU
		Release|Any CPU = Release|Any CPU
	EndGlobalSection
	GlobalSection(ProjectConfigurationPlatforms) = postSolution
		{D0675F40-3DD3-45E4-A2FD-BB8F1446E447}.Debug|Any CPU.ActiveCfg = Debug|Any CPU
		{D0675F40-3DD3-45E4-A2FD-BB8F1446E447}.Debug|Any CPU.Build.0 = Debug|Any CPU
		{D0675F40-3DD3-45E4-A2FD-BB8F1446E447}.Release|Any CPU.ActiveCfg = Release|Any CPU
		{D0675F40-3DD3-45E4-A2FD-BB8F1446E447}.Release|Any CPU.Build.0 = Release|Any CPU
	EndGlobalSection
	GlobalSection(SolutionProperties) = preSolution
		HideSolutionNode = FALSE
	EndGlobalSection
	GlobalSection(ExtensibilityGlobals) = postSolution
		SolutionGuid = {96E9DA81-886B-4A3D-98F4-5B324823E50F}
	EndGlobalSection
EndGlobal
